<?xml version="1.0" encoding="utf-8"?>
<Project ToolsVersion="4.0" xmlns="http://schemas.microsoft.com/developer/msbuild/2003">
  <ItemGroup>
    <Filter Include="Source Files">
      <UniqueIdentifier>{4FC737F1-C7A5-4376-A066-2A32D752A2FF}</UniqueIdentifier>
      <Extensions>cpp;c;cc;cxx;c++;cppm;ixx;def;odl;idl;hpj;bat;asm;asmx</Extensions>
    </Filter>
    <Filter Include="Header Files">
      <UniqueIdentifier>{93995380-89BD-4b04-88EB-625FBE52EBFB}</UniqueIdentifier>
      <Extensions>h;hh;hpp;hxx;h++;hm;inl;inc;ipp;xsd</Extensions>
    </Filter>
    <Filter Include="View">
      <UniqueIdentifier>{b353f809-3d60-463f-bff2-1cb7dc8d99a9}</UniqueIdentifier>
    </Filter>
    <Filter Include="Model">
      <UniqueIdentifier>{9d25db6a-142a-4832-ab17-26ef2f08ac57}</UniqueIdentifier>
    </Filter>
    <Filter Include="Input">
      <UniqueIdentifier>{4c0077f7-d8a0-43a0-a47a-7b96243d4c9e}</UniqueIdentifier>
    </Filter>
  </ItemGroup>
  <ItemGroup>
    <ClCompile Include="main.cpp">
      <Filter>Source Files</Filter>
    </ClCompile>
    <ClCompile Include="Model\Board.cpp">
      <Filter>Model</Filter>
    </ClCompile>
    <ClCompile Include="Model\Piece.cpp">
      <Filter>Model</Filter>
    </ClCompile>
    <ClCompile Include="Model\Position.cpp">
      <Filter>Model</Filter>
    </ClCompile>
    <ClCompile Include="Model\StandardChessSetup.cpp">
      <Filter>Model</Filter>
    </ClCompile>
    <ClCompile Include="Input\BoardMapper.cpp">
      <Filter>Input</Filter>
    </ClCompile>
    <ClCompile Include="View\BoardRenderer.cpp">
      <Filter>View</Filter>
    </ClCompile>
    <ClCompile Include="View\FilePieceSpriteProvider.cpp">
      <Filter>View</Filter>
    </ClCompile>
    <ClCompile Include="View\img.cpp">
      <Filter>View</Filter>
    </ClCompile>
    <ClCompile Include="Input\Controller.cpp">
      <Filter>Source Files</Filter>
    </ClCompile>
    <ClCompile Include="Engine\GameEngine.cpp">
      <Filter>Source Files</Filter>
    </ClCompile>
    <ClCompile Include="RealTime\RealTimeArbiter.cpp">
      <Filter>Source Files</Filter>
    </ClCompile>
    <ClCompile Include="RealTime\MotionPath.cpp">
      <Filter>Source Files</Filter>
    </ClCompile>
    <ClCompile Include="Rules\RuleEngine.cpp">
      <Filter>Source Files</Filter>
    </ClCompile>
    <ClCompile Include="Rules\PieceRules.cpp">
      <Filter>Source Files</Filter>
    </ClCompile>
    <ClCompile Include="Rules\PawnRules.cpp">
      <Filter>Source Files</Filter>
    </ClCompile>
    <ClCompile Include="Rules\RookRules.cpp">
      <Filter>Source Files</Filter>
    </ClCompile>
    <ClCompile Include="Rules\KnightRules.cpp">
      <Filter>Source Files</Filter>
    </ClCompile>
    <ClCompile Include="Rules\BishopRules.cpp">
      <Filter>Source Files</Filter>
    </ClCompile>
    <ClCompile Include="Rules\QueenRules.cpp">
      <Filter>Source Files</Filter>
    </ClCompile>
    <ClCompile Include="Rules\KingRules.cpp">
      <Filter>Source Files</Filter>
    </ClCompile>
    <ClCompile Include="View\AnimationClip.cpp">
      <Filter>Source Files</Filter>
    </ClCompile>
    <ClCompile Include="View\AnimationConfig.cpp">
      <Filter>Source Files</Filter>
    </ClCompile>
    <ClCompile Include="View\PieceAnimationLibrary.cpp">
      <Filter>Source Files</Filter>
    </ClCompile>
    <ClCompile Include="View\GameOverOverlay.cpp">
      <Filter>Source Files</Filter>
    </ClCompile>
    <ClCompile Include="View\InteractiveBoardView.cpp">
      <Filter>Source Files</Filter>
    </ClCompile>
    <ClCompile Include="I_O\BoardParser.cpp">
      <Filter>Source Files</Filter>
    </ClCompile>
    <ClCompile Include="I_O\BoardPrinter.cpp">
      <Filter>Source Files</Filter>
    </ClCompile>
    <ClCompile Include="TextTestRunner\ScriptRunner.cpp">
      <Filter>Source Files</Filter>
    </ClCompile>
  </ItemGroup>
  <ItemGroup>
    <ClInclude Include="Model\Board.h">
      <Filter>Model</Filter>
    </ClInclude>
    <ClInclude Include="Model\Piece.h">
      <Filter>Model</Filter>
    </ClInclude>
    <ClInclude Include="Model\Position.h">
      <Filter>Model</Filter>
    </ClInclude>
    <ClInclude Include="Model\StandardChessSetup.h">
      <Filter>Model</Filter>
    </ClInclude>
    <ClInclude Include="Input\BoardMapper.h">
      <Filter>Input</Filter>
    </ClInclude>
    <ClInclude Include="View\BoardRenderer.h">
      <Filter>View</Filter>
    </ClInclude>
    <ClInclude Include="View\FilePieceSpriteProvider.h">
      <Filter>View</Filter>
    </ClInclude>
    <ClInclude Include="View\IPieceSpriteProvider.h">
      <Filter>View</Filter>
    </ClInclude>
    <ClInclude Include="View\img.h">
      <Filter>View</Filter>
    </ClInclude>
    <ClInclude Include="Model\GameState.h">
      <Filter>Header Files</Filter>
    </ClInclude>
    <ClInclude Include="Input\Controller.h">
      <Filter>Header Files</Filter>
    </ClInclude>
    <ClInclude Include="Engine\GameEngine.h">
      <Filter>Header Files</Filter>
    </ClInclude>
    <ClInclude Include="RealTime\Jump.h">
      <Filter>Header Files</Filter>
    </ClInclude>
    <ClInclude Include="RealTime\JumpRules.h">
      <Filter>Header Files</Filter>
    </ClInclude>
    <ClInclude Include="RealTime\RealTimeArbiter.h">
      <Filter>Header Files</Filter>
    </ClInclude>
    <ClInclude Include="RealTime\Motion.h">
      <Filter>Header Files</Filter>
    </ClInclude>
    <ClInclude Include="RealTime\MotionPath.h">
      <Filter>Header Files</Filter>
    </ClInclude>
    <ClInclude Include="RealTime\CollisionRules.h">
      <Filter>Header Files</Filter>
    </ClInclude>
    <ClInclude Include="View\AnimationClip.h">
      <Filter>Header Files</Filter>
    </ClInclude>
    <ClInclude Include="View\AnimationConfig.h">
      <Filter>Header Files</Filter>
    </ClInclude>
    <ClInclude Include="View\PieceAnimationLibrary.h">
      <Filter>Header Files</Filter>
    </ClInclude>
    <ClInclude Include="View\GameOverOverlay.h">
      <Filter>Header Files</Filter>
    </ClInclude>
    <ClInclude Include="View\InteractiveBoardView.h">
      <Filter>Header Files</Filter>
    </ClInclude>
    <ClInclude Include="I_O\BoardParser.h">
      <Filter>Header Files</Filter>
    </ClInclude>
    <ClInclude Include="I_O\BoardPrinter.h">
      <Filter>Header Files</Filter>
    </ClInclude>
    <ClInclude Include="Engine\MoveResults.h">
      <Filter>Header Files</Filter>
    </ClInclude>
    <ClInclude Include="Rules\BishopRules.h">
      <Filter>Header Files</Filter>
    </ClInclude>
    <ClInclude Include="Rules\KingRules.h">
      <Filter>Header Files</Filter>
    </ClInclude>
    <ClInclude Include="Rules\KnightRules.h">
      <Filter>Header Files</Filter>
    </ClInclude>
    <ClInclude Include="Rules\MoveValidation.h">
      <Filter>Header Files</Filter>
    </ClInclude>
    <ClInclude Include="Rules\PawnGeography.h">
      <Filter>Header Files</Filter>
    </ClInclude>
    <ClInclude Include="Rules\PawnRules.h">
      <Filter>Header Files</Filter>
    </ClInclude>
    <ClInclude Include="Rules\PieceRules.h">
      <Filter>Header Files</Filter>
    </ClInclude>
    <ClInclude Include="Rules\PieceRulesRegistry.h">
      <Filter>Header Files</Filter>
    </ClInclude>
    <ClInclude Include="Rules\PromotionRules.h">
      <Filter>Header Files</Filter>
    </ClInclude>
    <ClInclude Include="Rules\QueenRules.h">
      <Filter>Header Files</Filter>
    </ClInclude>
    <ClInclude Include="Rules\RookRules.h">
      <Filter>Header Files</Filter>
    </ClInclude>
    <ClInclude Include="Rules\RuleEngine.h">
      <Filter>Header Files</Filter>
    </ClInclude>
    <ClInclude Include="TextTestRunner\ScriptRunner.h">
      <Filter>Header Files</Filter>
    </ClInclude>
  </ItemGroup>
</Project>